
Microsoft Visual Studio Solution File, Format Version 12.00
# Visual Studio Version 16
VisualStudioVersion = 16.0.30711.63
MinimumVisualStudioVersion = 10.0.40219.1
Project("{2150E333-8FDC-42A3-9474-1A3956D46DE8}") = "test", "test", "{3BE4F4BC-B5DF-43D1-831B-3B9BF467C2D8}"
EndProject
Project("{2150E333-8FDC-42A3-9474-1A3956D46DE8}") = "src", "src", "{D1CB382F-8A26-4E3D-B3E5-0D3B236A4758}"
EndProject
Project("{9A19103F-16F7-4668-BE54-9A1E7A4F7556}") = "PMS.Application", "src\PMS.Application\PMS.Application.csproj", "{00ED9A2E-48DA-4158-B204-B280BD034979}"
EndProject
Project("{9A19103F-16F7-4668-BE54-9A1E7A4F7556}") = "PMS.Core", "src\PMS.Core\PMS.Core.csproj", "{C7A9E777-849D-48D2-8862-6FD398C0AF43}"
EndProject
Project("{9A19103F-16F7-4668-BE54-9A1E7A4F7556}") = "PMS.EntityFrameworkCore", "src\PMS.EntityFrameWorkCore\PMS.EntityFrameworkCore.csproj", "{7F22D43B-2C81-4346-846A-E2541870B0BE}"
EndProject
Project("{9A19103F-16F7-4668-BE54-9A1E7A4F7556}") = "PMS.CommonType", "src\PMS.CommonType\PMS.CommonType.csproj", "{6B4F0DB1-EC4D-4098-AC5D-3396ADEA0E31}"
EndProject
Project("{9A19103F-16F7-4668-BE54-9A1E7A4F7556}") = "PMS.Utility", "src\PMS.Utility\PMS.Utility.csproj", "{C1923949-C2DA-444A-8AAC-D2327A51F20B}"
EndProject
Project("{9A19103F-16F7-4668-BE54-9A1E7A4F7556}") = "PMS.WebApi", "src\PMS.WebApi\PMS.WebApi.csproj", "{BE92EF0D-25D5-4BBE-B919-5DACBBC22B6A}"
EndProject
Global
	GlobalSection(SolutionConfigurationPlatforms) = preSolution
		Debug|Any CPU = Debug|Any CPU
		Release|Any CPU = Release|Any CPU
	EndGlobalSection
	GlobalSection(ProjectConfigurationPlatforms) = postSolution
		{00ED9A2E-48DA-4158-B204-B280BD034979}.Debug|Any CPU.ActiveCfg = Debug|Any CPU
		{00ED9A2E-48DA-4158-B204-B280BD034979}.Debug|Any CPU.Build.0 = Debug|Any CPU
		{00ED9A2E-48DA-4158-B204-B280BD034979}.Release|Any CPU.ActiveCfg = Release|Any CPU
		{00ED9A2E-48DA-4158-B204-B280BD034979}.Release|Any CPU.Build.0 = Release|Any CPU
		{C7A9E777-849D-48D2-8862-6FD398C0AF43}.Debug|Any CPU.ActiveCfg = Debug|Any CPU
		{C7A9E777-849D-48D2-8862-6FD398C0AF43}.Debug|Any CPU.Build.0 = Debug|Any CPU
		{C7A9E777-849D-48D2-8862-6FD398C0AF43}.Release|Any CPU.ActiveCfg = Release|Any CPU
		{C7A9E777-849D-48D2-8862-6FD398C0AF43}.Release|Any CPU.Build.0 = Release|Any CPU
		{7F22D43B-2C81-4346-846A-E2541870B0BE}.Debug|Any CPU.ActiveCfg = Debug|Any CPU
		{7F22D43B-2C81-4346-846A-E2541870B0BE}.Debug|Any CPU.Build.0 = Debug|Any CPU
		{7F22D43B-2C81-4346-846A-E2541870B0BE}.Release|Any CPU.ActiveCfg = Release|Any CPU
		{7F22D43B-2C81-4346-846A-E2541870B0BE}.Release|Any CPU.Build.0 = Release|Any CPU
		{6B4F0DB1-EC4D-4098-AC5D-3396ADEA0E31}.Debug|Any CPU.ActiveCfg = Debug|Any CPU
		{6B4F0DB1-EC4D-4098-AC5D-3396ADEA0E31}.Debug|Any CPU.Build.0 = Debug|Any CPU
		{6B4F0DB1-EC4D-4098-AC5D-3396ADEA0E31}.Release|Any CPU.ActiveCfg = Release|Any CPU
		{6B4F0DB1-EC4D-4098-AC5D-3396ADEA0E31}.Release|Any CPU.Build.0 = Release|Any CPU
		{C1923949-C2DA-444A-8AAC-D2327A51F20B}.Debug|Any CPU.ActiveCfg = Debug|Any CPU
		{C1923949-C2DA-444A-8AAC-D2327A51F20B}.Debug|Any CPU.Build.0 = Debug|Any CPU
		{C1923949-C2DA-444A-8AAC-D2327A51F20B}.Release|Any CPU.ActiveCfg = Release|Any CPU
		{C1923949-C2DA-444A-8AAC-D2327A51F20B}.Release|Any CPU.Build.0 = Release|Any CPU
		{BE92EF0D-25D5-4BBE-B919-5DACBBC22B6A}.Debug|Any CPU.ActiveCfg = Debug|Any CPU
		{BE92EF0D-25D5-4BBE-B919-5DACBBC22B6A}.Debug|Any CPU.Build.0 = Debug|Any CPU
		{BE92EF0D-25D5-4BBE-B919-5DACBBC22B6A}.Release|Any CPU.ActiveCfg = Release|Any CPU
		{BE92EF0D-25D5-4BBE-B919-5DACBBC22B6A}.Release|Any CPU.Build.0 = Release|Any CPU
	EndGlobalSection
	GlobalSection(SolutionProperties) = preSolution
		HideSolutionNode = FALSE
	EndGlobalSection
	GlobalSection(NestedProjects) = preSolution
		{00ED9A2E-48DA-4158-B204-B280BD034979} = {D1CB382F-8A26-4E3D-B3E5-0D3B236A4758}
		{C7A9E777-849D-48D2-8862-6FD398C0AF43} = {D1CB382F-8A26-4E3D-B3E5-0D3B236A4758}
		{7F22D43B-2C81-4346-846A-E2541870B0BE} = {D1CB382F-8A26-4E3D-B3E5-0D3B236A4758}
		{6B4F0DB1-EC4D-4098-AC5D-3396ADEA0E31} = {D1CB382F-8A26-4E3D-B3E5-0D3B236A4758}
		{C1923949-C2DA-444A-8AAC-D2327A51F20B} = {D1CB382F-8A26-4E3D-B3E5-0D3B236A4758}
		{BE92EF0D-25D5-4BBE-B919-5DACBBC22B6A} = {D1CB382F-8A26-4E3D-B3E5-0D3B236A4758}
	EndGlobalSection
	GlobalSection(ExtensibilityGlobals) = postSolution
		SolutionGuid = {33A92581-4DDE-4736-AA1D-475DBC8B1EEE}
	EndGlobalSection
EndGlobal
