
Microsoft Visual Studio Solution File, Format Version 12.00
# Visual Studio Version 16
VisualStudioVersion = 16.0.30503.244
MinimumVisualStudioVersion = 10.0.40219.1
Project("{9A19103F-16F7-4668-BE54-9A1E7A4F7556}") = "PMS.WebApi", "PMS.WebApi.csproj", "{34BB9969-C46E-4162-8E9B-0770E65A71AE}"
EndProject
Project("{2150E333-8FDC-42A3-9474-1A3956D46DE8}") = "src", "src", "{6153337B-9EE1-4997-8C2A-2BF775825187}"
EndProject
Project("{2150E333-8FDC-42A3-9474-1A3956D46DE8}") = "test", "test", "{D4F271F8-DED3-4931-B971-90CF56A9767F}"
EndProject
Project("{9A19103F-16F7-4668-BE54-9A1E7A4F7556}") = "PMS.Application", "..\PMS.Application\PMS.Application.csproj", "{72ED9651-71DE-4B2E-845E-CC8FBC4ABA83}"
EndProject
Project("{FAE04EC0-301F-11D3-BF4B-00C04F79EFBC}") = "PMS.CommonType", "..\PMS.CommonType\PMS.CommonType.csproj", "{4D285172-317A-42AA-B4C6-CFC72F65C936}"
EndProject
Project("{FAE04EC0-301F-11D3-BF4B-00C04F79EFBC}") = "PMS.Core", "..\PMS.Core\PMS.Core.csproj", "{C5AC674E-7A8B-4ECA-8FE8-37B6C99D3845}"
EndProject
Project("{FAE04EC0-301F-11D3-BF4B-00C04F79EFBC}") = "PMS.EntityFrameWorkCore", "..\PMS.EntityFrameWorkCore\PMS.EntityFrameWorkCore.csproj", "{C8171BFD-5503-4758-BD8A-3B47D0E65DC2}"
EndProject
Project("{FAE04EC0-301F-11D3-BF4B-00C04F79EFBC}") = "PMS.Utility", "..\PMS.Utility\PMS.Utility.csproj", "{5C81E652-0F75-4E05-AA3B-2DB32E05C04C}"
EndProject
Global
	GlobalSection(SolutionConfigurationPlatforms) = preSolution
		Debug|Any CPU = Debug|Any CPU
		Release|Any CPU = Release|Any CPU
	EndGlobalSection
	GlobalSection(ProjectConfigurationPlatforms) = postSolution
		{34BB9969-C46E-4162-8E9B-0770E65A71AE}.Debug|Any CPU.ActiveCfg = Debug|Any CPU
		{34BB9969-C46E-4162-8E9B-0770E65A71AE}.Debug|Any CPU.Build.0 = Debug|Any CPU
		{34BB9969-C46E-4162-8E9B-0770E65A71AE}.Release|Any CPU.ActiveCfg = Release|Any CPU
		{34BB9969-C46E-4162-8E9B-0770E65A71AE}.Release|Any CPU.Build.0 = Release|Any CPU
		{72ED9651-71DE-4B2E-845E-CC8FBC4ABA83}.Debug|Any CPU.ActiveCfg = Debug|Any CPU
		{72ED9651-71DE-4B2E-845E-CC8FBC4ABA83}.Debug|Any CPU.Build.0 = Debug|Any CPU
		{72ED9651-71DE-4B2E-845E-CC8FBC4ABA83}.Release|Any CPU.ActiveCfg = Release|Any CPU
		{72ED9651-71DE-4B2E-845E-CC8FBC4ABA83}.Release|Any CPU.Build.0 = Release|Any CPU
		{4D285172-317A-42AA-B4C6-CFC72F65C936}.Debug|Any CPU.ActiveCfg = Debug|Any CPU
		{4D285172-317A-42AA-B4C6-CFC72F65C936}.Debug|Any CPU.Build.0 = Debug|Any CPU
		{4D285172-317A-42AA-B4C6-CFC72F65C936}.Release|Any CPU.ActiveCfg = Release|Any CPU
		{4D285172-317A-42AA-B4C6-CFC72F65C936}.Release|Any CPU.Build.0 = Release|Any CPU
		{C5AC674E-7A8B-4ECA-8FE8-37B6C99D3845}.Debug|Any CPU.ActiveCfg = Debug|Any CPU
		{C5AC674E-7A8B-4ECA-8FE8-37B6C99D3845}.Debug|Any CPU.Build.0 = Debug|Any CPU
		{C5AC674E-7A8B-4ECA-8FE8-37B6C99D3845}.Release|Any CPU.ActiveCfg = Release|Any CPU
		{C5AC674E-7A8B-4ECA-8FE8-37B6C99D3845}.Release|Any CPU.Build.0 = Release|Any CPU
		{C8171BFD-5503-4758-BD8A-3B47D0E65DC2}.Debug|Any CPU.ActiveCfg = Debug|Any CPU
		{C8171BFD-5503-4758-BD8A-3B47D0E65DC2}.Debug|Any CPU.Build.0 = Debug|Any CPU
		{C8171BFD-5503-4758-BD8A-3B47D0E65DC2}.Release|Any CPU.ActiveCfg = Release|Any CPU
		{C8171BFD-5503-4758-BD8A-3B47D0E65DC2}.Release|Any CPU.Build.0 = Release|Any CPU
		{5C81E652-0F75-4E05-AA3B-2DB32E05C04C}.Debug|Any CPU.ActiveCfg = Debug|Any CPU
		{5C81E652-0F75-4E05-AA3B-2DB32E05C04C}.Debug|Any CPU.Build.0 = Debug|Any CPU
		{5C81E652-0F75-4E05-AA3B-2DB32E05C04C}.Release|Any CPU.ActiveCfg = Release|Any CPU
		{5C81E652-0F75-4E05-AA3B-2DB32E05C04C}.Release|Any CPU.Build.0 = Release|Any CPU
	EndGlobalSection
	GlobalSection(SolutionProperties) = preSolution
		HideSolutionNode = FALSE
	EndGlobalSection
	GlobalSection(NestedProjects) = preSolution
		{34BB9969-C46E-4162-8E9B-0770E65A71AE} = {6153337B-9EE1-4997-8C2A-2BF775825187}
		{72ED9651-71DE-4B2E-845E-CC8FBC4ABA83} = {6153337B-9EE1-4997-8C2A-2BF775825187}
		{4D285172-317A-42AA-B4C6-CFC72F65C936} = {6153337B-9EE1-4997-8C2A-2BF775825187}
		{C5AC674E-7A8B-4ECA-8FE8-37B6C99D3845} = {6153337B-9EE1-4997-8C2A-2BF775825187}
		{C8171BFD-5503-4758-BD8A-3B47D0E65DC2} = {6153337B-9EE1-4997-8C2A-2BF775825187}
		{5C81E652-0F75-4E05-AA3B-2DB32E05C04C} = {6153337B-9EE1-4997-8C2A-2BF775825187}
	EndGlobalSection
	GlobalSection(ExtensibilityGlobals) = postSolution
		SolutionGuid = {0701FE86-B7E3-4EE5-BFD3-3047A506CBB3}
	EndGlobalSection
EndGlobal
